
Microsoft Visual Studio Solution File, Format Version 12.00
# Visual Studio Version 16
VisualStudioVersion = 16.0.30503.244
MinimumVisualStudioVersion = 10.0.40219.1
Project("{9A19103F-16F7-4668-BE54-9A1E7A4F7556}") = "CSharp-DLL-test", "CSharp-DLL-test\CSharp-DLL-test.csproj", "{98B857F5-398B-4306-930F-397C02E731E5}"
EndProject
Project("{FAE04EC0-301F-11D3-BF4B-00C04F79EFBC}") = "myCalcDLL", "..\myCalcDLL\myCalcDLL\myCalcDLL.csproj", "{20D71881-EE4D-40C5-B736-9899A666BB6E}"
EndProject
Project("{FAE04EC0-301F-11D3-BF4B-00C04F79EFBC}") = "myCalc", "myCalc\myCalc.csproj", "{2D99FDC4-72B7-45E9-A08B-253F1ED61749}"
EndProject
Project("{FAE04EC0-301F-11D3-BF4B-00C04F79EFBC}") = "myPeopleDLL", "myPeopleDLL\myPeopleDLL.csproj", "{74A03DAD-A92D-4F09-9568-CF51C43E96EE}"
EndProject
Global
	GlobalSection(SolutionConfigurationPlatforms) = preSolution
		Debug|Any CPU = Debug|Any CPU
		Release|Any CPU = Release|Any CPU
	EndGlobalSection
	GlobalSection(ProjectConfigurationPlatforms) = postSolution
		{98B857F5-398B-4306-930F-397C02E731E5}.Debug|Any CPU.ActiveCfg = Debug|Any CPU
		{98B857F5-398B-4306-930F-397C02E731E5}.Debug|Any CPU.Build.0 = Debug|Any CPU
		{98B857F5-398B-4306-930F-397C02E731E5}.Release|Any CPU.ActiveCfg = Release|Any CPU
		{98B857F5-398B-4306-930F-397C02E731E5}.Release|Any CPU.Build.0 = Release|Any CPU
		{20D71881-EE4D-40C5-B736-9899A666BB6E}.Debug|Any CPU.ActiveCfg = Debug|Any CPU
		{20D71881-EE4D-40C5-B736-9899A666BB6E}.Debug|Any CPU.Build.0 = Debug|Any CPU
		{20D71881-EE4D-40C5-B736-9899A666BB6E}.Release|Any CPU.ActiveCfg = Release|Any CPU
		{20D71881-EE4D-40C5-B736-9899A666BB6E}.Release|Any CPU.Build.0 = Release|Any CPU
		{2D99FDC4-72B7-45E9-A08B-253F1ED61749}.Debug|Any CPU.ActiveCfg = Debug|Any CPU
		{2D99FDC4-72B7-45E9-A08B-253F1ED61749}.Debug|Any CPU.Build.0 = Debug|Any CPU
		{2D99FDC4-72B7-45E9-A08B-253F1ED61749}.Release|Any CPU.ActiveCfg = Release|Any CPU
		{2D99FDC4-72B7-45E9-A08B-253F1ED61749}.Release|Any CPU.Build.0 = Release|Any CPU
		{74A03DAD-A92D-4F09-9568-CF51C43E96EE}.Debug|Any CPU.ActiveCfg = Debug|Any CPU
		{74A03DAD-A92D-4F09-9568-CF51C43E96EE}.Debug|Any CPU.Build.0 = Debug|Any CPU
		{74A03DAD-A92D-4F09-9568-CF51C43E96EE}.Release|Any CPU.ActiveCfg = Release|Any CPU
		{74A03DAD-A92D-4F09-9568-CF51C43E96EE}.Release|Any CPU.Build.0 = Release|Any CPU
	EndGlobalSection
	GlobalSection(SolutionProperties) = preSolution
		HideSolutionNode = FALSE
	EndGlobalSection
	GlobalSection(ExtensibilityGlobals) = postSolution
		SolutionGuid = {9B3FA5FB-9913-401B-A309-147DD0215062}
	EndGlobalSection
EndGlobal
